
Microsoft Visual Studio Solution File, Format Version 12.00
# Visual Studio Version 17
VisualStudioVersion = 17.6.33815.320
MinimumVisualStudioVersion = 10.0.40219.1
Project("{E24C65DC-7377-472B-9ABA-BC803B73C61A}") = "SCM", ".", "{1A12B8AD-FA2E-4296-88A8-69D483694860}"
	ProjectSection(WebsiteProperties) = preProject
		TargetFrameworkMoniker = ".NETFramework,Version%3Dv4.8"
		Debug.AspNetCompiler.VirtualPath = "/SCM"
		Debug.AspNetCompiler.PhysicalPath = "..\SCM\"
		Debug.AspNetCompiler.TargetPath = "PrecompiledWeb\SCM\"
		Debug.AspNetCompiler.Updateable = "true"
		Debug.AspNetCompiler.ForceOverwrite = "true"
		Debug.AspNetCompiler.FixedNames = "false"
		Debug.AspNetCompiler.Debug = "True"
		Release.AspNetCompiler.VirtualPath = "/SCM"
		Release.AspNetCompiler.PhysicalPath = "..\SCM\"
		Release.AspNetCompiler.TargetPath = "PrecompiledWeb\SCM\"
		Release.AspNetCompiler.Updateable = "true"
		Release.AspNetCompiler.ForceOverwrite = "true"
		Release.AspNetCompiler.FixedNames = "false"
		Release.AspNetCompiler.Debug = "False"
		VWDPort = "53388"
		SlnRelativePath = "..\SCM\"
	EndProjectSection
EndProject
Global
	GlobalSection(SolutionConfigurationPlatforms) = preSolution
		Debug|Any CPU = Debug|Any CPU
	EndGlobalSection
	GlobalSection(ProjectConfigurationPlatforms) = postSolution
		{1A12B8AD-FA2E-4296-88A8-69D483694860}.Debug|Any CPU.ActiveCfg = Debug|Any CPU
		{1A12B8AD-FA2E-4296-88A8-69D483694860}.Debug|Any CPU.Build.0 = Debug|Any CPU
	EndGlobalSection
	GlobalSection(SolutionProperties) = preSolution
		HideSolutionNode = FALSE
	EndGlobalSection
	GlobalSection(ExtensibilityGlobals) = postSolution
		SolutionGuid = {DD04D1FF-2EA0-4822-8E64-72529EA9EDF2}
	EndGlobalSection
EndGlobal
